
Microsoft Visual Studio Solution File, Format Version 12.00
# Visual Studio Version 17
VisualStudioVersion = 17.13.35825.156 d17.13
MinimumVisualStudioVersion = 10.0.40219.1
Project("{FAE04EC0-301F-11D3-BF4B-00C04F79EFBC}") = "PracticaProgramada4_Grupo1", "PracticaProgramada4_Grupo1\PracticaProgramada4_Grupo1.csproj", "{5B34AFAA-9D10-466C-9CB7-A08614013A36}"
EndProject
Global
	GlobalSection(SolutionConfigurationPlatforms) = preSolution
		Debug|Any CPU = Debug|Any CPU
		Release|Any CPU = Release|Any CPU
	EndGlobalSection
	GlobalSection(ProjectConfigurationPlatforms) = postSolution
		{5B34AFAA-9D10-466C-9CB7-A08614013A36}.Debug|Any CPU.ActiveCfg = Debug|Any CPU
		{5B34AFAA-9D10-466C-9CB7-A08614013A36}.Debug|Any CPU.Build.0 = Debug|Any CPU
		{5B34AFAA-9D10-466C-9CB7-A08614013A36}.Release|Any CPU.ActiveCfg = Release|Any CPU
		{5B34AFAA-9D10-466C-9CB7-A08614013A36}.Release|Any CPU.Build.0 = Release|Any CPU
	EndGlobalSection
	GlobalSection(SolutionProperties) = preSolution
		HideSolutionNode = FALSE
	EndGlobalSection
	GlobalSection(ExtensibilityGlobals) = postSolution
		SolutionGuid = {D02D819E-B09D-4DDB-85DC-B1F94C7C95DF}
	EndGlobalSection
EndGlobal
